{
  "version": 4,
  "terraform_version": "1.11.1",
  "serial": 19,
  "lineage": "9c9cc1f9-e6d6-9182-7cc1-8ebaa45d26ac",
  "outputs": {},
  "resources": [
    {
      "module": "module.databricks[\"dev2\"]",
      "mode": "data",
      "type": "databricks_node_type",
      "name": "general_purpose",
      "provider": "provider[\"registry.terraform.io/databricks/databricks\"].dev2",
      "instances": [
        {
          "schema_version": 0,
          "attributes": {
            "category": "General Purpose",
            "fleet": null,
            "gb_per_core": null,
            "graviton": null,
            "id": "Standard_D2ads_v6",
            "is_io_cache_enabled": null,
            "local_disk": true,
            "local_disk_min_size": null,
            "min_cores": null,
            "min_gpus": null,
            "min_memory_gb": null,
            "photon_driver_capable": null,
            "photon_worker_capable": null,
            "support_port_forwarding": null
          },
          "sensitive_attributes": []
        }
      ]
    },
    {
      "module": "module.databricks[\"dev2\"]",
      "mode": "data",
      "type": "databricks_spark_version",
      "name": "latest",
      "provider": "provider[\"registry.terraform.io/databricks/databricks\"].dev2",
      "instances": [
        {
          "schema_version": 0,
          "attributes": {
            "beta": false,
            "genomics": false,
            "gpu": false,
            "graviton": false,
            "id": "16.4.x-scala2.12",
            "latest": true,
            "long_term_support": true,
            "ml": false,
            "photon": false,
            "scala": "2.12",
            "spark_version": null
          },
          "sensitive_attributes": []
        }
      ]
    },
    {
      "module": "module.databricks[\"dev2\"]",
      "mode": "managed",
      "type": "azurerm_databricks_access_connector",
      "name": "access_connector",
      "provider": "provider[\"registry.terraform.io/hashicorp/azurerm\"]",
      "instances": [
        {
          "index_key": "connector1",
          "schema_version": 0,
          "attributes": {
            "id": "/subscriptions/71c0a5c7-51ff-46d8-8142-ebb7e2e78dc1/resourceGroups/Azure-databricks/providers/Microsoft.Databricks/accessConnectors/dev2-connector1",
            "identity": [
              {
                "identity_ids": [],
                "principal_id": "df524509-11ca-4842-a536-74b4b2911172",
                "tenant_id": "4cd23ff4-aa08-4e82-a024-a9747064280d",
                "type": "SystemAssigned"
              }
            ],
            "location": "uksouth",
            "name": "dev2-connector1",
            "resource_group_name": "Azure-databricks",
            "tags": {},
            "timeouts": null
          },
          "sensitive_attributes": [],
          "private": "eyJlMmJmYjczMC1lY2FhLTExZTYtOGY4OC0zNDM2M2JjN2M0YzAiOnsiY3JlYXRlIjoxODAwMDAwMDAwMDAwLCJkZWxldGUiOjE4MDAwMDAwMDAwMDAsInJlYWQiOjMwMDAwMDAwMDAwMCwidXBkYXRlIjoxODAwMDAwMDAwMDAwfX0="
        }
      ]
    },
    {
      "module": "module.databricks[\"dev2\"]",
      "mode": "managed",
      "type": "azurerm_databricks_virtual_network_peering",
      "name": "databricks_vnet_peering",
      "provider": "provider[\"registry.terraform.io/hashicorp/azurerm\"]",
      "instances": []
    },
    {
      "module": "module.databricks[\"dev2\"]",
      "mode": "managed",
      "type": "azurerm_databricks_workspace",
      "name": "databricks",
      "provider": "provider[\"registry.terraform.io/hashicorp/azurerm\"]",
      "instances": [
        {
          "schema_version": 0,
          "attributes": {
            "access_connector_id": null,
            "custom_parameters": [
              {
                "machine_learning_workspace_id": "",
                "nat_gateway_name": "",
                "no_public_ip": true,
                "private_subnet_name": "",
                "private_subnet_network_security_group_association_id": "",
                "public_ip_name": "",
                "public_subnet_name": "",
                "public_subnet_network_security_group_association_id": "",
                "storage_account_name": "dbstorageozaqducwrkht4",
                "storage_account_sku_name": "Standard_GRS",
                "virtual_network_id": "",
                "vnet_address_prefix": ""
              }
            ],
            "customer_managed_key_enabled": false,
            "default_storage_firewall_enabled": null,
            "disk_encryption_set_id": "",
            "enhanced_security_compliance": [],
            "id": "/subscriptions/71c0a5c7-51ff-46d8-8142-ebb7e2e78dc1/resourceGroups/Azure-databricks/providers/Microsoft.Databricks/workspaces/wppit-databricks-sandbox",
            "infrastructure_encryption_enabled": false,
            "load_balancer_backend_address_pool_id": "",
            "location": "uksouth",
            "managed_disk_cmk_key_vault_id": "",
            "managed_disk_cmk_key_vault_key_id": "",
            "managed_disk_cmk_rotation_to_latest_version_enabled": false,
            "managed_disk_identity": [],
            "managed_resource_group_id": "/subscriptions/71c0a5c7-51ff-46d8-8142-ebb7e2e78dc1/resourceGroups/wppit-databricks-sandbox-managed-rg",
            "managed_resource_group_name": "wppit-databricks-sandbox-managed-rg",
            "managed_services_cmk_key_vault_id": "",
            "managed_services_cmk_key_vault_key_id": "",
            "name": "wppit-databricks-sandbox",
            "network_security_group_rules_required": null,
            "public_network_access_enabled": true,
            "resource_group_name": "Azure-databricks",
            "sku": "premium",
            "storage_account_identity": [],
            "tags": {
              "environment": "sandbox",
              "team": "platform"
            },
            "timeouts": null,
            "workspace_id": "179733265561944",
            "workspace_url": "adb-179733265561944.4.azuredatabricks.net"
          },
          "sensitive_attributes": [],
          "private": "eyJlMmJmYjczMC1lY2FhLTExZTYtOGY4OC0zNDM2M2JjN2M0YzAiOnsiY3JlYXRlIjoxODAwMDAwMDAwMDAwLCJkZWxldGUiOjE4MDAwMDAwMDAwMDAsInJlYWQiOjMwMDAwMDAwMDAwMCwidXBkYXRlIjoxODAwMDAwMDAwMDAwfX0=",
          "dependencies": [
            "module.databricks.azurerm_databricks_access_connector.access_connector"
          ]
        }
      ]
    },
    {
      "module": "module.databricks[\"dev2\"]",
      "mode": "managed",
      "type": "azurerm_virtual_network_peering",
      "name": "vnet_peering",
      "provider": "provider[\"registry.terraform.io/hashicorp/azurerm\"]",
      "instances": []
    },
    {
      "module": "module.databricks[\"dev2\"]",
      "mode": "managed",
      "type": "databricks_cluster",
      "name": "this",
      "provider": "provider[\"registry.terraform.io/databricks/databricks\"].dev2",
      "instances": [
        {
          "status": "tainted",
          "schema_version": 4,
          "attributes": {
            "apply_policy_default_values": null,
            "autoscale": [],
            "autotermination_minutes": 60,
            "aws_attributes": [],
            "azure_attributes": [],
            "cluster_id": "0801-084147-2nfi56zy",
            "cluster_log_conf": [],
            "cluster_mount_info": [],
            "cluster_name": "shared-compute",
            "custom_tags": {
              "team": "data-platform"
            },
            "data_security_mode": null,
            "default_tags": null,
            "docker_image": [],
            "driver_instance_pool_id": null,
            "driver_node_type_id": "Standard_DS3_v2",
            "enable_elastic_disk": true,
            "enable_local_disk_encryption": false,
            "gcp_attributes": [],
            "id": "0801-084147-2nfi56zy",
            "idempotency_token": null,
            "init_scripts": [],
            "instance_pool_id": null,
            "is_pinned": null,
            "is_single_node": null,
            "kind": null,
            "library": [
              {
                "cran": [],
                "egg": "",
                "jar": "",
                "maven": [
                  {
                    "coordinates": "com.microsoft.azure:azure-eventhubs-spark_2.12:2.3.17",
                    "exclusions": [],
                    "repo": ""
                  }
                ],
                "pypi": [],
                "requirements": "",
                "whl": ""
              },
              {
                "cran": [],
                "egg": "",
                "jar": "",
                "maven": [],
                "pypi": [
                  {
                    "package": "numpy",
                    "repo": ""
                  }
                ],
                "requirements": "",
                "whl": ""
              },
              {
                "cran": [],
                "egg": "",
                "jar": "dbfs:/libs/my-lib.jar",
                "maven": [],
                "pypi": [],
                "requirements": "",
                "whl": ""
              }
            ],
            "no_wait": null,
            "node_type_id": "Standard_D2ads_v6",
            "num_workers": 2,
            "policy_id": null,
            "remote_disk_throughput": null,
            "runtime_engine": "STANDARD",
            "single_user_name": null,
            "spark_conf": null,
            "spark_env_vars": null,
            "spark_version": "16.4.x-scala2.12",
            "ssh_public_keys": null,
            "state": null,
            "timeouts": null,
            "total_initial_remote_disk_size": null,
            "url": null,
            "use_ml_runtime": null,
            "workload_type": []
          },
          "sensitive_attributes": [],
          "private": "eyJlMmJmYjczMC1lY2FhLTExZTYtOGY4OC0zNDM2M2JjN2M0YzAiOnsiY3JlYXRlIjoxODAwMDAwMDAwMDAwLCJkZWxldGUiOjE4MDAwMDAwMDAwMDAsInVwZGF0ZSI6MTgwMDAwMDAwMDAwMH0sInNjaGVtYV92ZXJzaW9uIjoiNCJ9",
          "dependencies": [
            "module.databricks.azurerm_databricks_access_connector.access_connector",
            "module.databricks.azurerm_databricks_workspace.databricks",
            "module.databricks.data.databricks_node_type.general_purpose",
            "module.databricks.data.databricks_spark_version.latest"
          ]
        }
      ]
    },
    {
      "module": "module.databricks[\"dev2\"]",
      "mode": "managed",
      "type": "databricks_group",
      "name": "admin_group",
      "provider": "provider[\"registry.terraform.io/databricks/databricks\"].dev2",
      "instances": []
    },
    {
      "module": "module.databricks[\"dev2\"]",
      "mode": "managed",
      "type": "databricks_user",
      "name": "admin_user",
      "provider": "provider[\"registry.terraform.io/databricks/databricks\"].dev2",
      "instances": [
        {
          "index_key": "user1",
          "schema_version": 0,
          "attributes": {
            "acl_principal_id": "users/azure010698@gmail.com",
            "active": true,
            "allow_cluster_create": true,
            "allow_instance_pool_create": false,
            "databricks_sql_access": true,
            "disable_as_user_deletion": false,
            "display_name": "azure010698@gmail.com",
            "external_id": "12ddd324-df0f-4e47-a45b-b0fa1b426eb5",
            "force": true,
            "force_delete_home_dir": null,
            "force_delete_repos": null,
            "home": "/Users/azure010698@gmail.com",
            "id": "149270628640880",
            "repos": "/Repos/azure010698@gmail.com",
            "user_name": "azure010698@gmail.com",
            "workspace_access": true,
            "workspace_consume": false
          },
          "sensitive_attributes": [],
          "private": "bnVsbA==",
          "dependencies": [
            "module.databricks.azurerm_databricks_access_connector.access_connector",
            "module.databricks.azurerm_databricks_workspace.databricks"
          ]
        }
      ]
    }
  ],
  "check_results": null
}
